
Microsoft Visual Studio Solution File, Format Version 12.00
# Visual Studio Version 17
VisualStudioVersion = 17.0.31606.90
MinimumVisualStudioVersion = 10.0.40219.1
Project("{9A19103F-16F7-4668-BE54-9A1E7A4F7556}") = "ZXing.Net.MAUI", "ZXing.Net.MAUI\ZXing.Net.MAUI.csproj", "{E4D3C7DE-CE07-444E-ADB8-31691A19406F}"
EndProject
Project("{9A19103F-16F7-4668-BE54-9A1E7A4F7556}") = "BigIslandBarcode", "BigIslandBarcode\BigIslandBarcode.csproj", "{D3EBA600-16E4-4C91-A9E9-CC600FA2B481}"
EndProject
Project("{FAE04EC0-301F-11D3-BF4B-00C04F79EFBC}") = "ZXing.Net.MAUI.Controls", "ZXing.Net.MAUI.Controls\ZXing.Net.MAUI.Controls.csproj", "{F7911DCB-5278-4CE9-A934-48089F92162A}"
EndProject
Global
	GlobalSection(SolutionConfigurationPlatforms) = preSolution
		Debug|Any CPU = Debug|Any CPU
		Release|Any CPU = Release|Any CPU
	EndGlobalSection
	GlobalSection(ProjectConfigurationPlatforms) = postSolution
		{E4D3C7DE-CE07-444E-ADB8-31691A19406F}.Debug|Any CPU.ActiveCfg = Debug|Any CPU
		{E4D3C7DE-CE07-444E-ADB8-31691A19406F}.Debug|Any CPU.Build.0 = Debug|Any CPU
		{E4D3C7DE-CE07-444E-ADB8-31691A19406F}.Release|Any CPU.ActiveCfg = Release|Any CPU
		{E4D3C7DE-CE07-444E-ADB8-31691A19406F}.Release|Any CPU.Build.0 = Release|Any CPU
		{D3EBA600-16E4-4C91-A9E9-CC600FA2B481}.Debug|Any CPU.ActiveCfg = Debug|Any CPU
		{D3EBA600-16E4-4C91-A9E9-CC600FA2B481}.Debug|Any CPU.Build.0 = Debug|Any CPU
		{D3EBA600-16E4-4C91-A9E9-CC600FA2B481}.Debug|Any CPU.Deploy.0 = Debug|Any CPU
		{D3EBA600-16E4-4C91-A9E9-CC600FA2B481}.Release|Any CPU.ActiveCfg = Release|Any CPU
		{D3EBA600-16E4-4C91-A9E9-CC600FA2B481}.Release|Any CPU.Build.0 = Release|Any CPU
		{F7911DCB-5278-4CE9-A934-48089F92162A}.Debug|Any CPU.ActiveCfg = Debug|Any CPU
		{F7911DCB-5278-4CE9-A934-48089F92162A}.Debug|Any CPU.Build.0 = Debug|Any CPU
		{F7911DCB-5278-4CE9-A934-48089F92162A}.Release|Any CPU.ActiveCfg = Release|Any CPU
		{F7911DCB-5278-4CE9-A934-48089F92162A}.Release|Any CPU.Build.0 = Release|Any CPU
	EndGlobalSection
	GlobalSection(SolutionProperties) = preSolution
		HideSolutionNode = FALSE
	EndGlobalSection
	GlobalSection(ExtensibilityGlobals) = postSolution
		SolutionGuid = {2B7BC802-563E-48FA-B307-020D4E010C18}
	EndGlobalSection
EndGlobal
